
Microsoft Visual Studio Solution File, Format Version 12.00
# Visual Studio Version 17
VisualStudioVersion = 17.7.34018.315
MinimumVisualStudioVersion = 10.0.40219.1
Project("{FAE04EC0-301F-11D3-BF4B-00C04F79EFBC}") = "WinFormsApp1", "WinFormsApp1\WinFormsApp1.csproj", "{F221B296-DDAC-478F-BC77-8B3F73506E5B}"
EndProject
Global
	GlobalSection(SolutionConfigurationPlatforms) = preSolution
		Debug|Any CPU = Debug|Any CPU
		Release|Any CPU = Release|Any CPU
	EndGlobalSection
	GlobalSection(ProjectConfigurationPlatforms) = postSolution
		{F221B296-DDAC-478F-BC77-8B3F73506E5B}.Debug|Any CPU.ActiveCfg = Debug|Any CPU
		{F221B296-DDAC-478F-BC77-8B3F73506E5B}.Debug|Any CPU.Build.0 = Debug|Any CPU
		{F221B296-DDAC-478F-BC77-8B3F73506E5B}.Release|Any CPU.ActiveCfg = Release|Any CPU
		{F221B296-DDAC-478F-BC77-8B3F73506E5B}.Release|Any CPU.Build.0 = Release|Any CPU
	EndGlobalSection
	GlobalSection(SolutionProperties) = preSolution
		HideSolutionNode = FALSE
	EndGlobalSection
	GlobalSection(ExtensibilityGlobals) = postSolution
		SolutionGuid = {5738BAA8-88CF-4A15-BB1C-A722A65835B8}
	EndGlobalSection
EndGlobal
